// !$*UTF8*$!
{
	archiveVersion = 1;
	classes = {
	};
	objectVersion = 55;
	objects = {

/* Begin PBXBuildFile section */
		774F2EE534156A67EBE11208 /* Pods_PracticalJobia.framework in Frameworks */ = {isa = PBXBuildFile; fileRef = 9D424CFCD72C0F65AEE6F624 /* Pods_PracticalJobia.framework */; };
		BCAF3CFF27356D90000C1F71 /* AppDelegate.swift in Sources */ = {isa = PBXBuildFile; fileRef = BCAF3CFE27356D90000C1F71 /* AppDelegate.swift */; };
		BCAF3D0127356D90000C1F71 /* SceneDelegate.swift in Sources */ = {isa = PBXBuildFile; fileRef = BCAF3D0027356D90000C1F71 /* SceneDelegate.swift */; };
		BCAF3D0327356D90000C1F71 /* ViewController.swift in Sources */ = {isa = PBXBuildFile; fileRef = BCAF3D0227356D90000C1F71 /* ViewController.swift */; };
		BCAF3D0627356D90000C1F71 /* Main.storyboard in Resources */ = {isa = PBXBuildFile; fileRef = BCAF3D0427356D90000C1F71 /* Main.storyboard */; };
		BCAF3D0827356D92000C1F71 /* Assets.xcassets in Resources */ = {isa = PBXBuildFile; fileRef = BCAF3D0727356D92000C1F71 /* Assets.xcassets */; };
		BCAF3D0B27356D92000C1F71 /* LaunchScreen.storyboard in Resources */ = {isa = PBXBuildFile; fileRef = BCAF3D0927356D92000C1F71 /* LaunchScreen.storyboard */; };
/* End PBXBuildFile section */

/* Begin PBXFileReference section */
		05808325F39C49FDBFBD6940 /* Pods-PracticalJobia.debug.xcconfig */ = {isa = PBXFileReference; includeInIndex = 1; lastKnownFileType = text.xcconfig; name = "Pods-PracticalJobia.debug.xcconfig"; path = "Target Support Files/Pods-PracticalJobia/Pods-PracticalJobia.debug.xcconfig"; sourceTree = "<group>"; };
		9D424CFCD72C0F65AEE6F624 /* Pods_PracticalJobia.framework */ = {isa = PBXFileReference; explicitFileType = wrapper.framework; includeInIndex = 0; path = Pods_PracticalJobia.framework; sourceTree = BUILT_PRODUCTS_DIR; };
		BCAF3CFB27356D90000C1F71 /* PracticalJobia.app */ = {isa = PBXFileReference; explicitFileType = wrapper.application; includeInIndex = 0; path = PracticalJobia.app; sourceTree = BUILT_PRODUCTS_DIR; };
		BCAF3CFE27356D90000C1F71 /* AppDelegate.swift */ = {isa = PBXFileReference; lastKnownFileType = sourcecode.swift; path = AppDelegate.swift; sourceTree = "<group>"; };
		BCAF3D0027356D90000C1F71 /* SceneDelegate.swift */ = {isa = PBXFileReference; lastKnownFileType = sourcecode.swift; path = SceneDelegate.swift; sourceTree = "<group>"; };
		BCAF3D0227356D90000C1F71 /* ViewController.swift */ = {isa = PBXFileReference; lastKnownFileType = sourcecode.swift; path = ViewController.swift; sourceTree = "<group>"; };
		BCAF3D0527356D90000C1F71 /* Base */ = {isa = PBXFileReference; lastKnownFileType = file.storyboard; name = Base; path = Base.lproj/Main.storyboard; sourceTree = "<group>"; };
		BCAF3D0727356D92000C1F71 /* Assets.xcassets */ = {isa = PBXFileReference; lastKnownFileType = folder.assetcatalog; path = Assets.xcassets; sourceTree = "<group>"; };
		BCAF3D0A27356D92000C1F71 /* Base */ = {isa = PBXFileReference; lastKnownFileType = file.storyboard; name = Base; path = Base.lproj/LaunchScreen.storyboard; sourceTree = "<group>"; };
		BCAF3D0C27356D92000C1F71 /* Info.plist */ = {isa = PBXFileReference; lastKnownFileType = text.plist.xml; path = Info.plist; sourceTree = "<group>"; };
		F6226BAF618DCDFF5A08CCFA /* Pods-PracticalJobia.release.xcconfig */ = {isa = PBXFileReference; includeInIndex = 1; lastKnownFileType = text.xcconfig; name = "Pods-PracticalJobia.release.xcconfig"; path = "Target Support Files/Pods-PracticalJobia/Pods-PracticalJobia.release.xcconfig"; sourceTree = "<group>"; };
/* End PBXFileReference section */

/* Begin PBXFrameworksBuildPhase section */
		BCAF3CF827356D90000C1F71 /* Frameworks */ = {
			isa = PBXFrameworksBuildPhase;
			buildActionMask = 2147483647;
			files = (
				774F2EE534156A67EBE11208 /* Pods_PracticalJobia.framework in Frameworks */,
			);
			runOnlyForDeploymentPostprocessing = 0;
		};
/* End PBXFrameworksBuildPhase section */

/* Begin PBXGroup section */
		7E0C54BC9305A60ABEFDB86A /* Frameworks */ = {
			isa = PBXGroup;
			children = (
				9D424CFCD72C0F65AEE6F624 /* Pods_PracticalJobia.framework */,
			);
			name = Frameworks;
			sourceTree = "<group>";
		};
		A744A892ADD0C8F5E7882358 /* Pods */ = {
			isa = PBXGroup;
			children = (
				05808325F39C49FDBFBD6940 /* Pods-PracticalJobia.debug.xcconfig */,
				F6226BAF618DCDFF5A08CCFA /* Pods-PracticalJobia.release.xcconfig */,
			);
			path = Pods;
			sourceTree = "<group>";
		};
		BCAF3CF227356D90000C1F71 = {
			isa = PBXGroup;
			children = (
				BCAF3CFD27356D90000C1F71 /* PracticalJobia */,
				BCAF3CFC27356D90000C1F71 /* Products */,
				A744A892ADD0C8F5E7882358 /* Pods */,
				7E0C54BC9305A60ABEFDB86A /* Frameworks */,
			);
			sourceTree = "<group>";
		};
		BCAF3CFC27356D90000C1F71 /* Products */ = {
			isa = PBXGroup;
			children = (
				BCAF3CFB27356D90000C1F71 /* PracticalJobia.app */,
			);
			name = Products;
			sourceTree = "<group>";
		};
		BCAF3CFD27356D90000C1F71 /* PracticalJobia */ = {
			isa = PBXGroup;
			children = (
				BCAF3CFE27356D90000C1F71 /* AppDelegate.swift */,
				BCAF3D0027356D90000C1F71 /* SceneDelegate.swift */,
				BCAF3D0227356D90000C1F71 /* ViewController.swift */,
				BCAF3D0427356D90000C1F71 /* Main.storyboard */,
				BCAF3D0727356D92000C1F71 /* Assets.xcassets */,
				BCAF3D0927356D92000C1F71 /* LaunchScreen.storyboard */,
				BCAF3D0C27356D92000C1F71 /* Info.plist */,
			);
			path = PracticalJobia;
			sourceTree = "<group>";
		};
/* End PBXGroup section */

/* Begin PBXNativeTarget section */
		BCAF3CFA27356D90000C1F71 /* PracticalJobia */ = {
			isa = PBXNativeTarget;
			buildConfigurationList = BCAF3D0F27356D92000C1F71 /* Build configuration list for PBXNativeTarget "PracticalJobia" */;
			buildPhases = (
				4C1F7FD8845C10648F306E75 /* [CP] Check Pods Manifest.lock */,
				BCAF3CF727356D90000C1F71 /* Sources */,
				BCAF3CF827356D90000C1F71 /* Frameworks */,
				BCAF3CF927356D90000C1F71 /* Resources */,
				BC777F2E27357EEA00A91B95 /* SwiftLint */,
			);
			buildRules = (
			);
			dependencies = (
			);
			name = PracticalJobia;
			productName = PracticalJobia;
			productReference = BCAF3CFB27356D90000C1F71 /* PracticalJobia.app */;
			productType = "com.apple.product-type.application";
		};
/* End PBXNativeTarget section */

/* Begin PBXProject section */
		BCAF3CF327356D90000C1F71 /* Project object */ = {
			isa = PBXProject;
			attributes = {
				BuildIndependentTargetsInParallel = 1;
				LastSwiftUpdateCheck = 1310;
				LastUpgradeCheck = 1310;
				TargetAttributes = {
					BCAF3CFA27356D90000C1F71 = {
						CreatedOnToolsVersion = 13.1;
					};
				};
			};
			buildConfigurationList = BCAF3CF627356D90000C1F71 /* Build configuration list for PBXProject "PracticalJobia" */;
			compatibilityVersion = "Xcode 13.0";
			developmentRegion = en;
			hasScannedForEncodings = 0;
			knownRegions = (
				en,
				Base,
			);
			mainGroup = BCAF3CF227356D90000C1F71;
			productRefGroup = BCAF3CFC27356D90000C1F71 /* Products */;
			projectDirPath = "";
			projectRoot = "";
			targets = (
				BCAF3CFA27356D90000C1F71 /* PracticalJobia */,
			);
		};
/* End PBXProject section */

/* Begin PBXResourcesBuildPhase section */
		BCAF3CF927356D90000C1F71 /* Resources */ = {
			isa = PBXResourcesBuildPhase;
			buildActionMask = 2147483647;
			files = (
				BCAF3D0B27356D92000C1F71 /* LaunchScreen.storyboard in Resources */,
				BCAF3D0827356D92000C1F71 /* Assets.xcassets in Resources */,
				BCAF3D0627356D90000C1F71 /* Main.storyboard in Resources */,
			);
			runOnlyForDeploymentPostprocessing = 0;
		};
/* End PBXResourcesBuildPhase section */

/* Begin PBXShellScriptBuildPhase section */
		4C1F7FD8845C10648F306E75 /* [CP] Check Pods Manifest.lock */ = {
			isa = PBXShellScriptBuildPhase;
			buildActionMask = 2147483647;
			files = (
			);
			inputFileListPaths = (
			);
			inputPaths = (
				"${PODS_PODFILE_DIR_PATH}/Podfile.lock",
				"${PODS_ROOT}/Manifest.lock",
			);
			name = "[CP] Check Pods Manifest.lock";
			outputFileListPaths = (
			);
			outputPaths = (
				"$(DERIVED_FILE_DIR)/Pods-PracticalJobia-checkManifestLockResult.txt",
			);
			runOnlyForDeploymentPostprocessing = 0;
			shellPath = /bin/sh;
			shellScript = "diff \"${PODS_PODFILE_DIR_PATH}/Podfile.lock\" \"${PODS_ROOT}/Manifest.lock\" > /dev/null\nif [ $? != 0 ] ; then\n    # print error to STDERR\n    echo \"error: The sandbox is not in sync with the Podfile.lock. Run 'pod install' or update your CocoaPods installation.\" >&2\n    exit 1\nfi\n# This output is used by Xcode 'outputs' to avoid re-running this script phase.\necho \"SUCCESS\" > \"${SCRIPT_OUTPUT_FILE_0}\"\n";
			showEnvVarsInLog = 0;
		};
		BC777F2E27357EEA00A91B95 /* SwiftLint */ = {
			isa = PBXShellScriptBuildPhase;
			buildActionMask = 2147483647;
			files = (
			);
			inputFileListPaths = (
			);
			inputPaths = (
			);
			name = SwiftLint;
			outputFileListPaths = (
			);
			outputPaths = (
			);
			runOnlyForDeploymentPostprocessing = 0;
			shellPath = /bin/sh;
			shellScript = "  \"${PODS_ROOT}/SwiftLint/swiftlint\"\n";
		};
/* End PBXShellScriptBuildPhase section */

/* Begin PBXSourcesBuildPhase section */
		BCAF3CF727356D90000C1F71 /* Sources */ = {
			isa = PBXSourcesBuildPhase;
			buildActionMask = 2147483647;
			files = (
				BCAF3D0327356D90000C1F71 /* ViewController.swift in Sources */,
				BCAF3CFF27356D90000C1F71 /* AppDelegate.swift in Sources */,
				BCAF3D0127356D90000C1F71 /* SceneDelegate.swift in Sources */,
			);
			runOnlyForDeploymentPostprocessing = 0;
		};
/* End PBXSourcesBuildPhase section */

/* Begin PBXVariantGroup section */
		BCAF3D0427356D90000C1F71 /* Main.storyboard */ = {
			isa = PBXVariantGroup;
			children = (
				BCAF3D0527356D90000C1F71 /* Base */,
			);
			name = Main.storyboard;
			sourceTree = "<group>";
		};
		BCAF3D0927356D92000C1F71 /* LaunchScreen.storyboard */ = {
			isa = PBXVariantGroup;
			children = (
				BCAF3D0A27356D92000C1F71 /* Base */,
			);
			name = LaunchScreen.storyboard;
			sourceTree = "<group>";
		};
/* End PBXVariantGroup section */

/* Begin XCBuildConfiguration section */
		BCAF3D0D27356D92000C1F71 /* Debug */ = {
			isa = XCBuildConfiguration;
			buildSettings = {
				ALWAYS_SEARCH_USER_PATHS = NO;
				CLANG_ANALYZER_NONNULL = YES;
				CLANG_ANALYZER_NUMBER_OBJECT_CONVERSION = YES_AGGRESSIVE;
				CLANG_CXX_LANGUAGE_STANDARD = "gnu++17";
				CLANG_CXX_LIBRARY = "libc++";
				CLANG_ENABLE_MODULES = YES;
				CLANG_ENABLE_OBJC_ARC = YES;
				CLANG_ENABLE_OBJC_WEAK = YES;
				CLANG_WARN_BLOCK_CAPTURE_AUTORELEASING = YES;
				CLANG_WARN_BOOL_CONVERSION = YES;
				CLANG_WARN_COMMA = YES;
				CLANG_WARN_CONSTANT_CONVERSION = YES;
				CLANG_WARN_DEPRECATED_OBJC_IMPLEMENTATIONS = YES;
				CLANG_WARN_DIRECT_OBJC_ISA_USAGE = YES_ERROR;
				CLANG_WARN_DOCUMENTATION_COMMENTS = YES;
				CLANG_WARN_EMPTY_BODY = YES;
				CLANG_WARN_ENUM_CONVERSION = YES;
				CLANG_WARN_INFINITE_RECURSION = YES;
				CLANG_WARN_INT_CONVERSION = YES;
				CLANG_WARN_NON_LITERAL_NULL_CONVERSION = YES;
				CLANG_WARN_OBJC_IMPLICIT_RETAIN_SELF = YES;
				CLANG_WARN_OBJC_LITERAL_CONVERSION = YES;
				CLANG_WARN_OBJC_ROOT_CLASS = YES_ERROR;
				CLANG_WARN_QUOTED_INCLUDE_IN_FRAMEWORK_HEADER = YES;
				CLANG_WARN_RANGE_LOOP_ANALYSIS = YES;
				CLANG_WARN_STRICT_PROTOTYPES = YES;
				CLANG_WARN_SUSPICIOUS_MOVE = YES;
				CLANG_WARN_UNGUARDED_AVAILABILITY = YES_AGGRESSIVE;
				CLANG_WARN_UNREACHABLE_CODE = YES;
				CLANG_WARN__DUPLICATE_METHOD_MATCH = YES;
				COPY_PHASE_STRIP = NO;
				DEBUG_INFORMATION_FORMAT = dwarf;
				ENABLE_STRICT_OBJC_MSGSEND = YES;
				ENABLE_TESTABILITY = YES;
				GCC_C_LANGUAGE_STANDARD = gnu11;
				GCC_DYNAMIC_NO_PIC = NO;
				GCC_NO_COMMON_BLOCKS = YES;
				GCC_OPTIMIZATION_LEVEL = 0;
				GCC_PREPROCESSOR_DEFINITIONS = (
					"DEBUG=1",
					"$(inherited)",
				);
				GCC_WARN_64_TO_32_BIT_CONVERSION = YES;
				GCC_WARN_ABOUT_RETURN_TYPE = YES_ERROR;
				GCC_WARN_UNDECLARED_SELECTOR = YES;
				GCC_WARN_UNINITIALIZED_AUTOS = YES_AGGRESSIVE;
				GCC_WARN_UNUSED_FUNCTION = YES;
				GCC_WARN_UNUSED_VARIABLE = YES;
				IPHONEOS_DEPLOYMENT_TARGET = 15.0;
				MTL_ENABLE_DEBUG_INFO = INCLUDE_SOURCE;
				MTL_FAST_MATH = YES;
				ONLY_ACTIVE_ARCH = YES;
				SDKROOT = iphoneos;
				SWIFT_ACTIVE_COMPILATION_CONDITIONS = DEBUG;
				SWIFT_OPTIMIZATION_LEVEL = "-Onone";
			};
			name = Debug;
		};
		BCAF3D0E27356D92000C1F71 /* Release */ = {
			isa = XCBuildConfiguration;
			buildSettings = {
				ALWAYS_SEARCH_USER_PATHS = NO;
				CLANG_ANALYZER_NONNULL = YES;
				CLANG_ANALYZER_NUMBER_OBJECT_CONVERSION = YES_AGGRESSIVE;
				CLANG_CXX_LANGUAGE_STANDARD = "gnu++17";
				CLANG_CXX_LIBRARY = "libc++";
				CLANG_ENABLE_MODULES = YES;
				CLANG_ENABLE_OBJC_ARC = YES;
				CLANG_ENABLE_OBJC_WEAK = YES;
				CLANG_WARN_BLOCK_CAPTURE_AUTORELEASING = YES;
				CLANG_WARN_BOOL_CONVERSION = YES;
				CLANG_WARN_COMMA = YES;
				CLANG_WARN_CONSTANT_CONVERSION = YES;
				CLANG_WARN_DEPRECATED_OBJC_IMPLEMENTATIONS = YES;
				CLANG_WARN_DIRECT_OBJC_ISA_USAGE = YES_ERROR;
				CLANG_WARN_DOCUMENTATION_COMMENTS = YES;
				CLANG_WARN_EMPTY_BODY = YES;
				CLANG_WARN_ENUM_CONVERSION = YES;
				CLANG_WARN_INFINITE_RECURSION = YES;
				CLANG_WARN_INT_CONVERSION = YES;
				CLANG_WARN_NON_LITERAL_NULL_CONVERSION = YES;
				CLANG_WARN_OBJC_IMPLICIT_RETAIN_SELF = YES;
				CLANG_WARN_OBJC_LITERAL_CONVERSION = YES;
				CLANG_WARN_OBJC_ROOT_CLASS = YES_ERROR;
				CLANG_WARN_QUOTED_INCLUDE_IN_FRAMEWORK_HEADER = YES;
				CLANG_WARN_RANGE_LOOP_ANALYSIS = YES;
				CLANG_WARN_STRICT_PROTOTYPES = YES;
				CLANG_WARN_SUSPICIOUS_MOVE = YES;
				CLANG_WARN_UNGUARDED_AVAILABILITY = YES_AGGRESSIVE;
				CLANG_WARN_UNREACHABLE_CODE = YES;
				CLANG_WARN__DUPLICATE_METHOD_MATCH = YES;
				COPY_PHASE_STRIP = NO;
				DEBUG_INFORMATION_FORMAT = "dwarf-with-dsym";
				ENABLE_NS_ASSERTIONS = NO;
				ENABLE_STRICT_OBJC_MSGSEND = YES;
				GCC_C_LANGUAGE_STANDARD = gnu11;
				GCC_NO_COMMON_BLOCKS = YES;
				GCC_WARN_64_TO_32_BIT_CONVERSION = YES;
				GCC_WARN_ABOUT_RETURN_TYPE = YES_ERROR;
				GCC_WARN_UNDECLARED_SELECTOR = YES;
				GCC_WARN_UNINITIALIZED_AUTOS = YES_AGGRESSIVE;
				GCC_WARN_UNUSED_FUNCTION = YES;
				GCC_WARN_UNUSED_VARIABLE = YES;
				IPHONEOS_DEPLOYMENT_TARGET = 15.0;
				MTL_ENABLE_DEBUG_INFO = NO;
				MTL_FAST_MATH = YES;
				SDKROOT = iphoneos;
				SWIFT_COMPILATION_MODE = wholemodule;
				SWIFT_OPTIMIZATION_LEVEL = "-O";
				VALIDATE_PRODUCT = YES;
			};
			name = Release;
		};
		BCAF3D1027356D92000C1F71 /* Debug */ = {
			isa = XCBuildConfiguration;
			baseConfigurationReference = 05808325F39C49FDBFBD6940 /* Pods-PracticalJobia.debug.xcconfig */;
			buildSettings = {
				ASSETCATALOG_COMPILER_APPICON_NAME = AppIcon;
				ASSETCATALOG_COMPILER_GLOBAL_ACCENT_COLOR_NAME = AccentColor;
				CODE_SIGN_STYLE = Automatic;
				CURRENT_PROJECT_VERSION = 1;
				DEVELOPMENT_TEAM = Q3WPQ54BCT;
				GENERATE_INFOPLIST_FILE = YES;
				INFOPLIST_FILE = PracticalJobia/Info.plist;
				INFOPLIST_KEY_UIApplicationSupportsIndirectInputEvents = YES;
				INFOPLIST_KEY_UILaunchStoryboardName = LaunchScreen;
				INFOPLIST_KEY_UIMainStoryboardFile = Main;
				INFOPLIST_KEY_UISupportedInterfaceOrientations_iPad = "UIInterfaceOrientationPortrait UIInterfaceOrientationPortraitUpsideDown UIInterfaceOrientationLandscapeLeft UIInterfaceOrientationLandscapeRight";
				INFOPLIST_KEY_UISupportedInterfaceOrientations_iPhone = "UIInterfaceOrientationPortrait UIInterfaceOrientationLandscapeLeft UIInterfaceOrientationLandscapeRight";
				LD_RUNPATH_SEARCH_PATHS = (
					"$(inherited)",
					"@executable_path/Frameworks",
				);
				MARKETING_VERSION = 1.0;
				PRODUCT_BUNDLE_IDENTIFIER = com.karimebrahem.PracticalJobia;
				PRODUCT_NAME = "$(TARGET_NAME)";
				SWIFT_EMIT_LOC_STRINGS = YES;
				SWIFT_VERSION = 5.0;
				TARGETED_DEVICE_FAMILY = "1,2";
			};
			name = Debug;
		};
		BCAF3D1127356D92000C1F71 /* Release */ = {
			isa = XCBuildConfiguration;
			baseConfigurationReference = F6226BAF618DCDFF5A08CCFA /* Pods-PracticalJobia.release.xcconfig */;
			buildSettings = {
				ASSETCATALOG_COMPILER_APPICON_NAME = AppIcon;
				ASSETCATALOG_COMPILER_GLOBAL_ACCENT_COLOR_NAME = AccentColor;
				CODE_SIGN_STYLE = Automatic;
				CURRENT_PROJECT_VERSION = 1;
				DEVELOPMENT_TEAM = Q3WPQ54BCT;
				GENERATE_INFOPLIST_FILE = YES;
				INFOPLIST_FILE = PracticalJobia/Info.plist;
				INFOPLIST_KEY_UIApplicationSupportsIndirectInputEvents = YES;
				INFOPLIST_KEY_UILaunchStoryboardName = LaunchScreen;
				INFOPLIST_KEY_UIMainStoryboardFile = Main;
				INFOPLIST_KEY_UISupportedInterfaceOrientations_iPad = "UIInterfaceOrientationPortrait UIInterfaceOrientationPortraitUpsideDown UIInterfaceOrientationLandscapeLeft UIInterfaceOrientationLandscapeRight";
				INFOPLIST_KEY_UISupportedInterfaceOrientations_iPhone = "UIInterfaceOrientationPortrait UIInterfaceOrientationLandscapeLeft UIInterfaceOrientationLandscapeRight";
				LD_RUNPATH_SEARCH_PATHS = (
					"$(inherited)",
					"@executable_path/Frameworks",
				);
				MARKETING_VERSION = 1.0;
				PRODUCT_BUNDLE_IDENTIFIER = com.karimebrahem.PracticalJobia;
				PRODUCT_NAME = "$(TARGET_NAME)";
				SWIFT_EMIT_LOC_STRINGS = YES;
				SWIFT_VERSION = 5.0;
				TARGETED_DEVICE_FAMILY = "1,2";
			};
			name = Release;
		};
/* End XCBuildConfiguration section */

/* Begin XCConfigurationList section */
		BCAF3CF627356D90000C1F71 /* Build configuration list for PBXProject "PracticalJobia" */ = {
			isa = XCConfigurationList;
			buildConfigurations = (
				BCAF3D0D27356D92000C1F71 /* Debug */,
				BCAF3D0E27356D92000C1F71 /* Release */,
			);
			defaultConfigurationIsVisible = 0;
			defaultConfigurationName = Release;
		};
		BCAF3D0F27356D92000C1F71 /* Build configuration list for PBXNativeTarget "PracticalJobia" */ = {
			isa = XCConfigurationList;
			buildConfigurations = (
				BCAF3D1027356D92000C1F71 /* Debug */,
				BCAF3D1127356D92000C1F71 /* Release */,
			);
			defaultConfigurationIsVisible = 0;
			defaultConfigurationName = Release;
		};
/* End XCConfigurationList section */
	};
	rootObject = BCAF3CF327356D90000C1F71 /* Project object */;
}
