// !$*UTF8*$!
{
	archiveVersion = 1;
	classes = {
	};
	objectVersion = 55;
	objects = {

/* Begin PBXBuildFile section */
		774F2EE534156A67EBE11208 /* Pods_PracticalJobia.framework in Frameworks */ = {isa = PBXBuildFile; fileRef = 9D424CFCD72C0F65AEE6F624 /* Pods_PracticalJobia.framework */; };
		BC2B7434273EAD1F007BDBFB /* OnboardingViewController.swift in Sources */ = {isa = PBXBuildFile; fileRef = BC2B7432273EAD1F007BDBFB /* OnboardingViewController.swift */; };
		BC2B7435273EAD1F007BDBFB /* OnboardingViewController.xib in Resources */ = {isa = PBXBuildFile; fileRef = BC2B7433273EAD1F007BDBFB /* OnboardingViewController.xib */; };
		BC2B7437273EAD2C007BDBFB /* OnboardingPresenter.swift in Sources */ = {isa = PBXBuildFile; fileRef = BC2B7436273EAD2C007BDBFB /* OnboardingPresenter.swift */; };
		BC2B743D273EB141007BDBFB /* NavigationRoute.swift in Sources */ = {isa = PBXBuildFile; fileRef = BC2B743C273EB141007BDBFB /* NavigationRoute.swift */; };
		BC2B743F273EB4A8007BDBFB /* OnboardingRoutes.swift in Sources */ = {isa = PBXBuildFile; fileRef = BC2B743E273EB4A8007BDBFB /* OnboardingRoutes.swift */; };
		BC2B7441273EB6A1007BDBFB /* ViewProtocol.swift in Sources */ = {isa = PBXBuildFile; fileRef = BC2B7440273EB6A1007BDBFB /* ViewProtocol.swift */; };
		BC2B7444273EC86A007BDBFB /* Application+Injection.swift in Sources */ = {isa = PBXBuildFile; fileRef = BC2B7443273EC86A007BDBFB /* Application+Injection.swift */; };
		BC2B7446273EC924007BDBFB /* EntityGateways+Injection.swift in Sources */ = {isa = PBXBuildFile; fileRef = BC2B7445273EC924007BDBFB /* EntityGateways+Injection.swift */; };
		BC2B7448273EC96B007BDBFB /* UseCases+Injection.swift in Sources */ = {isa = PBXBuildFile; fileRef = BC2B7447273EC96B007BDBFB /* UseCases+Injection.swift */; };
		BC2B744A273ECD15007BDBFB /* Login+Injection.swift in Sources */ = {isa = PBXBuildFile; fileRef = BC2B7449273ECD15007BDBFB /* Login+Injection.swift */; };
		BC3C291B2736C60300EE9934 /* User.swift in Sources */ = {isa = PBXBuildFile; fileRef = BC3C291A2736C60300EE9934 /* User.swift */; };
		BC3C291F2736C73700EE9934 /* UserLogin.swift in Sources */ = {isa = PBXBuildFile; fileRef = BC3C291E2736C73700EE9934 /* UserLogin.swift */; };
		BC3C29212736C80400EE9934 /* LoginParameters.swift in Sources */ = {isa = PBXBuildFile; fileRef = BC3C29202736C80400EE9934 /* LoginParameters.swift */; };
		BC3C29242736CCC000EE9934 /* AuthenticationGateway.swift in Sources */ = {isa = PBXBuildFile; fileRef = BC3C29232736CCC000EE9934 /* AuthenticationGateway.swift */; };
		BC3C29272736CFDC00EE9934 /* String+Extenions.swift in Sources */ = {isa = PBXBuildFile; fileRef = BC3C29262736CFDC00EE9934 /* String+Extenions.swift */; };
		BC3C29292736D1D000EE9934 /* UserLoginError.swift in Sources */ = {isa = PBXBuildFile; fileRef = BC3C29282736D1D000EE9934 /* UserLoginError.swift */; };
		BC3C292D2736D40D00EE9934 /* GoogleService-Info.plist in Resources */ = {isa = PBXBuildFile; fileRef = BC3C292C2736D40D00EE9934 /* GoogleService-Info.plist */; };
		BC3C29302736D4DD00EE9934 /* FirebaseClient.swift in Sources */ = {isa = PBXBuildFile; fileRef = BC3C292F2736D4DD00EE9934 /* FirebaseClient.swift */; };
		BC3C29322736D66500EE9934 /* FirebaseClientError.swift in Sources */ = {isa = PBXBuildFile; fileRef = BC3C29312736D66500EE9934 /* FirebaseClientError.swift */; };
		BC3C29352736D83B00EE9934 /* APIAuthenticationGateway.swift in Sources */ = {isa = PBXBuildFile; fileRef = BC3C29342736D83B00EE9934 /* APIAuthenticationGateway.swift */; };
		BC3C293B2736E1C100EE9934 /* LoginViewController.swift in Sources */ = {isa = PBXBuildFile; fileRef = BC3C29392736E1C100EE9934 /* LoginViewController.swift */; };
		BC3C293C2736E1C100EE9934 /* LoginViewController.xib in Resources */ = {isa = PBXBuildFile; fileRef = BC3C293A2736E1C100EE9934 /* LoginViewController.xib */; };
		BC3C293E2736E1CB00EE9934 /* LoginPresenter.swift in Sources */ = {isa = PBXBuildFile; fileRef = BC3C293D2736E1CB00EE9934 /* LoginPresenter.swift */; };
		BC78AB9827400CFD009301F1 /* Onboarding+Injection.swift in Sources */ = {isa = PBXBuildFile; fileRef = BC78AB9727400CFD009301F1 /* Onboarding+Injection.swift */; };
		BCAF3CFF27356D90000C1F71 /* AppDelegate.swift in Sources */ = {isa = PBXBuildFile; fileRef = BCAF3CFE27356D90000C1F71 /* AppDelegate.swift */; };
		BCAF3D0827356D92000C1F71 /* Assets.xcassets in Resources */ = {isa = PBXBuildFile; fileRef = BCAF3D0727356D92000C1F71 /* Assets.xcassets */; };
		BCAF3D0B27356D92000C1F71 /* LaunchScreen.storyboard in Resources */ = {isa = PBXBuildFile; fileRef = BCAF3D0927356D92000C1F71 /* LaunchScreen.storyboard */; };
/* End PBXBuildFile section */

/* Begin PBXFileReference section */
		05808325F39C49FDBFBD6940 /* Pods-PracticalJobia.debug.xcconfig */ = {isa = PBXFileReference; includeInIndex = 1; lastKnownFileType = text.xcconfig; name = "Pods-PracticalJobia.debug.xcconfig"; path = "Target Support Files/Pods-PracticalJobia/Pods-PracticalJobia.debug.xcconfig"; sourceTree = "<group>"; };
		9D424CFCD72C0F65AEE6F624 /* Pods_PracticalJobia.framework */ = {isa = PBXFileReference; explicitFileType = wrapper.framework; includeInIndex = 0; path = Pods_PracticalJobia.framework; sourceTree = BUILT_PRODUCTS_DIR; };
		BC2B7432273EAD1F007BDBFB /* OnboardingViewController.swift */ = {isa = PBXFileReference; lastKnownFileType = sourcecode.swift; path = OnboardingViewController.swift; sourceTree = "<group>"; };
		BC2B7433273EAD1F007BDBFB /* OnboardingViewController.xib */ = {isa = PBXFileReference; lastKnownFileType = file.xib; path = OnboardingViewController.xib; sourceTree = "<group>"; };
		BC2B7436273EAD2C007BDBFB /* OnboardingPresenter.swift */ = {isa = PBXFileReference; lastKnownFileType = sourcecode.swift; path = OnboardingPresenter.swift; sourceTree = "<group>"; };
		BC2B743C273EB141007BDBFB /* NavigationRoute.swift */ = {isa = PBXFileReference; lastKnownFileType = sourcecode.swift; path = NavigationRoute.swift; sourceTree = "<group>"; };
		BC2B743E273EB4A8007BDBFB /* OnboardingRoutes.swift */ = {isa = PBXFileReference; lastKnownFileType = sourcecode.swift; path = OnboardingRoutes.swift; sourceTree = "<group>"; };
		BC2B7440273EB6A1007BDBFB /* ViewProtocol.swift */ = {isa = PBXFileReference; lastKnownFileType = sourcecode.swift; path = ViewProtocol.swift; sourceTree = "<group>"; };
		BC2B7443273EC86A007BDBFB /* Application+Injection.swift */ = {isa = PBXFileReference; lastKnownFileType = sourcecode.swift; path = "Application+Injection.swift"; sourceTree = "<group>"; };
		BC2B7445273EC924007BDBFB /* EntityGateways+Injection.swift */ = {isa = PBXFileReference; lastKnownFileType = sourcecode.swift; path = "EntityGateways+Injection.swift"; sourceTree = "<group>"; };
		BC2B7447273EC96B007BDBFB /* UseCases+Injection.swift */ = {isa = PBXFileReference; lastKnownFileType = sourcecode.swift; path = "UseCases+Injection.swift"; sourceTree = "<group>"; };
		BC2B7449273ECD15007BDBFB /* Login+Injection.swift */ = {isa = PBXFileReference; lastKnownFileType = sourcecode.swift; path = "Login+Injection.swift"; sourceTree = "<group>"; };
		BC3C291A2736C60300EE9934 /* User.swift */ = {isa = PBXFileReference; lastKnownFileType = sourcecode.swift; path = User.swift; sourceTree = "<group>"; };
		BC3C291E2736C73700EE9934 /* UserLogin.swift */ = {isa = PBXFileReference; lastKnownFileType = sourcecode.swift; path = UserLogin.swift; sourceTree = "<group>"; };
		BC3C29202736C80400EE9934 /* LoginParameters.swift */ = {isa = PBXFileReference; lastKnownFileType = sourcecode.swift; path = LoginParameters.swift; sourceTree = "<group>"; };
		BC3C29232736CCC000EE9934 /* AuthenticationGateway.swift */ = {isa = PBXFileReference; lastKnownFileType = sourcecode.swift; path = AuthenticationGateway.swift; sourceTree = "<group>"; };
		BC3C29262736CFDC00EE9934 /* String+Extenions.swift */ = {isa = PBXFileReference; lastKnownFileType = sourcecode.swift; path = "String+Extenions.swift"; sourceTree = "<group>"; };
		BC3C29282736D1D000EE9934 /* UserLoginError.swift */ = {isa = PBXFileReference; lastKnownFileType = sourcecode.swift; path = UserLoginError.swift; sourceTree = "<group>"; };
		BC3C292C2736D40D00EE9934 /* GoogleService-Info.plist */ = {isa = PBXFileReference; fileEncoding = 4; lastKnownFileType = text.plist.xml; path = "GoogleService-Info.plist"; sourceTree = "<group>"; };
		BC3C292F2736D4DD00EE9934 /* FirebaseClient.swift */ = {isa = PBXFileReference; lastKnownFileType = sourcecode.swift; path = FirebaseClient.swift; sourceTree = "<group>"; };
		BC3C29312736D66500EE9934 /* FirebaseClientError.swift */ = {isa = PBXFileReference; lastKnownFileType = sourcecode.swift; path = FirebaseClientError.swift; sourceTree = "<group>"; };
		BC3C29342736D83B00EE9934 /* APIAuthenticationGateway.swift */ = {isa = PBXFileReference; lastKnownFileType = sourcecode.swift; path = APIAuthenticationGateway.swift; sourceTree = "<group>"; };
		BC3C29392736E1C100EE9934 /* LoginViewController.swift */ = {isa = PBXFileReference; lastKnownFileType = sourcecode.swift; path = LoginViewController.swift; sourceTree = "<group>"; };
		BC3C293A2736E1C100EE9934 /* LoginViewController.xib */ = {isa = PBXFileReference; lastKnownFileType = file.xib; path = LoginViewController.xib; sourceTree = "<group>"; };
		BC3C293D2736E1CB00EE9934 /* LoginPresenter.swift */ = {isa = PBXFileReference; lastKnownFileType = sourcecode.swift; path = LoginPresenter.swift; sourceTree = "<group>"; };
		BC78AB9727400CFD009301F1 /* Onboarding+Injection.swift */ = {isa = PBXFileReference; lastKnownFileType = sourcecode.swift; path = "Onboarding+Injection.swift"; sourceTree = "<group>"; };
		BCAF3CFB27356D90000C1F71 /* PracticalJobia.app */ = {isa = PBXFileReference; explicitFileType = wrapper.application; includeInIndex = 0; path = PracticalJobia.app; sourceTree = BUILT_PRODUCTS_DIR; };
		BCAF3CFE27356D90000C1F71 /* AppDelegate.swift */ = {isa = PBXFileReference; lastKnownFileType = sourcecode.swift; path = AppDelegate.swift; sourceTree = "<group>"; };
		BCAF3D0727356D92000C1F71 /* Assets.xcassets */ = {isa = PBXFileReference; lastKnownFileType = folder.assetcatalog; path = Assets.xcassets; sourceTree = "<group>"; };
		BCAF3D0A27356D92000C1F71 /* Base */ = {isa = PBXFileReference; lastKnownFileType = file.storyboard; name = Base; path = Base.lproj/LaunchScreen.storyboard; sourceTree = "<group>"; };
		BCAF3D0C27356D92000C1F71 /* Info.plist */ = {isa = PBXFileReference; lastKnownFileType = text.plist.xml; path = Info.plist; sourceTree = "<group>"; };
		F6226BAF618DCDFF5A08CCFA /* Pods-PracticalJobia.release.xcconfig */ = {isa = PBXFileReference; includeInIndex = 1; lastKnownFileType = text.xcconfig; name = "Pods-PracticalJobia.release.xcconfig"; path = "Target Support Files/Pods-PracticalJobia/Pods-PracticalJobia.release.xcconfig"; sourceTree = "<group>"; };
/* End PBXFileReference section */

/* Begin PBXFrameworksBuildPhase section */
		BCAF3CF827356D90000C1F71 /* Frameworks */ = {
			isa = PBXFrameworksBuildPhase;
			buildActionMask = 2147483647;
			files = (
				774F2EE534156A67EBE11208 /* Pods_PracticalJobia.framework in Frameworks */,
			);
			runOnlyForDeploymentPostprocessing = 0;
		};
/* End PBXFrameworksBuildPhase section */

/* Begin PBXGroup section */
		7E0C54BC9305A60ABEFDB86A /* Frameworks */ = {
			isa = PBXGroup;
			children = (
				9D424CFCD72C0F65AEE6F624 /* Pods_PracticalJobia.framework */,
			);
			name = Frameworks;
			sourceTree = "<group>";
		};
		A744A892ADD0C8F5E7882358 /* Pods */ = {
			isa = PBXGroup;
			children = (
				05808325F39C49FDBFBD6940 /* Pods-PracticalJobia.debug.xcconfig */,
				F6226BAF618DCDFF5A08CCFA /* Pods-PracticalJobia.release.xcconfig */,
			);
			path = Pods;
			sourceTree = "<group>";
		};
		BC2B7430273EACFB007BDBFB /* Signup */ = {
			isa = PBXGroup;
			children = (
			);
			path = Signup;
			sourceTree = "<group>";
		};
		BC2B7431273EAD04007BDBFB /* Onboarding */ = {
			isa = PBXGroup;
			children = (
				BC2B7432273EAD1F007BDBFB /* OnboardingViewController.swift */,
				BC2B7433273EAD1F007BDBFB /* OnboardingViewController.xib */,
				BC2B7436273EAD2C007BDBFB /* OnboardingPresenter.swift */,
				BC2B743E273EB4A8007BDBFB /* OnboardingRoutes.swift */,
				BC78AB9727400CFD009301F1 /* Onboarding+Injection.swift */,
			);
			path = Onboarding;
			sourceTree = "<group>";
		};
		BC2B743A273EB0EA007BDBFB /* Application */ = {
			isa = PBXGroup;
			children = (
				BC2B7442273EC831007BDBFB /* Resolver */,
				BC2B743B273EB0F6007BDBFB /* NavigationRoute */,
				BCAF3CFE27356D90000C1F71 /* AppDelegate.swift */,
			);
			path = Application;
			sourceTree = "<group>";
		};
		BC2B743B273EB0F6007BDBFB /* NavigationRoute */ = {
			isa = PBXGroup;
			children = (
				BC2B743C273EB141007BDBFB /* NavigationRoute.swift */,
				BC2B7440273EB6A1007BDBFB /* ViewProtocol.swift */,
			);
			path = NavigationRoute;
			sourceTree = "<group>";
		};
		BC2B7442273EC831007BDBFB /* Resolver */ = {
			isa = PBXGroup;
			children = (
				BC2B7443273EC86A007BDBFB /* Application+Injection.swift */,
				BC2B7445273EC924007BDBFB /* EntityGateways+Injection.swift */,
				BC2B7447273EC96B007BDBFB /* UseCases+Injection.swift */,
			);
			path = Resolver;
			sourceTree = "<group>";
		};
		BC3C29182736C5EB00EE9934 /* Core */ = {
			isa = PBXGroup;
			children = (
				BC3C29222736CCA700EE9934 /* Gateways */,
				BC3C291C2736C6ED00EE9934 /* UseCases */,
				BC3C29192736C5F400EE9934 /* Entities */,
			);
			path = Core;
			sourceTree = "<group>";
		};
		BC3C29192736C5F400EE9934 /* Entities */ = {
			isa = PBXGroup;
			children = (
				BC3C291A2736C60300EE9934 /* User.swift */,
			);
			path = Entities;
			sourceTree = "<group>";
		};
		BC3C291C2736C6ED00EE9934 /* UseCases */ = {
			isa = PBXGroup;
			children = (
				BC3C291D2736C71300EE9934 /* UserLogin */,
			);
			path = UseCases;
			sourceTree = "<group>";
		};
		BC3C291D2736C71300EE9934 /* UserLogin */ = {
			isa = PBXGroup;
			children = (
				BC3C291E2736C73700EE9934 /* UserLogin.swift */,
				BC3C29202736C80400EE9934 /* LoginParameters.swift */,
				BC3C29282736D1D000EE9934 /* UserLoginError.swift */,
			);
			path = UserLogin;
			sourceTree = "<group>";
		};
		BC3C29222736CCA700EE9934 /* Gateways */ = {
			isa = PBXGroup;
			children = (
				BC3C29232736CCC000EE9934 /* AuthenticationGateway.swift */,
			);
			path = Gateways;
			sourceTree = "<group>";
		};
		BC3C29252736CFD000EE9934 /* Extensions */ = {
			isa = PBXGroup;
			children = (
				BC3C29262736CFDC00EE9934 /* String+Extenions.swift */,
			);
			path = Extensions;
			sourceTree = "<group>";
		};
		BC3C292A2736D37000EE9934 /* EntityGateway */ = {
			isa = PBXGroup;
			children = (
				BC3C292B2736D3AD00EE9934 /* API */,
			);
			path = EntityGateway;
			sourceTree = "<group>";
		};
		BC3C292B2736D3AD00EE9934 /* API */ = {
			isa = PBXGroup;
			children = (
				BC3C29332736D82800EE9934 /* Gateways */,
				BC3C292E2736D4C400EE9934 /* Client */,
			);
			path = API;
			sourceTree = "<group>";
		};
		BC3C292E2736D4C400EE9934 /* Client */ = {
			isa = PBXGroup;
			children = (
				BC3C292F2736D4DD00EE9934 /* FirebaseClient.swift */,
				BC3C29312736D66500EE9934 /* FirebaseClientError.swift */,
			);
			path = Client;
			sourceTree = "<group>";
		};
		BC3C29332736D82800EE9934 /* Gateways */ = {
			isa = PBXGroup;
			children = (
				BC3C29342736D83B00EE9934 /* APIAuthenticationGateway.swift */,
			);
			path = Gateways;
			sourceTree = "<group>";
		};
		BC3C29362736E19800EE9934 /* Scenes */ = {
			isa = PBXGroup;
			children = (
				BC3C29382736E1AB00EE9934 /* Authentication */,
			);
			path = Scenes;
			sourceTree = "<group>";
		};
		BC3C29372736E1A700EE9934 /* Login */ = {
			isa = PBXGroup;
			children = (
				BC3C29392736E1C100EE9934 /* LoginViewController.swift */,
				BC3C293A2736E1C100EE9934 /* LoginViewController.xib */,
				BC3C293D2736E1CB00EE9934 /* LoginPresenter.swift */,
				BC2B7449273ECD15007BDBFB /* Login+Injection.swift */,
			);
			path = Login;
			sourceTree = "<group>";
		};
		BC3C29382736E1AB00EE9934 /* Authentication */ = {
			isa = PBXGroup;
			children = (
				BC2B7431273EAD04007BDBFB /* Onboarding */,
				BC3C29372736E1A700EE9934 /* Login */,
				BC2B7430273EACFB007BDBFB /* Signup */,
			);
			path = Authentication;
			sourceTree = "<group>";
		};
		BCAF3CF227356D90000C1F71 = {
			isa = PBXGroup;
			children = (
				BCAF3CFD27356D90000C1F71 /* PracticalJobia */,
				BCAF3CFC27356D90000C1F71 /* Products */,
				A744A892ADD0C8F5E7882358 /* Pods */,
				7E0C54BC9305A60ABEFDB86A /* Frameworks */,
			);
			sourceTree = "<group>";
		};
		BCAF3CFC27356D90000C1F71 /* Products */ = {
			isa = PBXGroup;
			children = (
				BCAF3CFB27356D90000C1F71 /* PracticalJobia.app */,
			);
			name = Products;
			sourceTree = "<group>";
		};
		BCAF3CFD27356D90000C1F71 /* PracticalJobia */ = {
			isa = PBXGroup;
			children = (
				BC2B743A273EB0EA007BDBFB /* Application */,
				BC3C29182736C5EB00EE9934 /* Core */,
				BC3C292A2736D37000EE9934 /* EntityGateway */,
				BC3C29362736E19800EE9934 /* Scenes */,
				BC3C29252736CFD000EE9934 /* Extensions */,
				BCAF3D0727356D92000C1F71 /* Assets.xcassets */,
				BCAF3D0927356D92000C1F71 /* LaunchScreen.storyboard */,
				BCAF3D0C27356D92000C1F71 /* Info.plist */,
				BC3C292C2736D40D00EE9934 /* GoogleService-Info.plist */,
			);
			path = PracticalJobia;
			sourceTree = "<group>";
		};
/* End PBXGroup section */

/* Begin PBXNativeTarget section */
		BCAF3CFA27356D90000C1F71 /* PracticalJobia */ = {
			isa = PBXNativeTarget;
			buildConfigurationList = BCAF3D0F27356D92000C1F71 /* Build configuration list for PBXNativeTarget "PracticalJobia" */;
			buildPhases = (
				4C1F7FD8845C10648F306E75 /* [CP] Check Pods Manifest.lock */,
				BC777F2E27357EEA00A91B95 /* SwiftLint */,
				BCAF3CF727356D90000C1F71 /* Sources */,
				BCAF3CF827356D90000C1F71 /* Frameworks */,
				BCAF3CF927356D90000C1F71 /* Resources */,
				B7A579051244076BA07A47D6 /* [CP] Embed Pods Frameworks */,
			);
			buildRules = (
			);
			dependencies = (
			);
			name = PracticalJobia;
			productName = PracticalJobia;
			productReference = BCAF3CFB27356D90000C1F71 /* PracticalJobia.app */;
			productType = "com.apple.product-type.application";
		};
/* End PBXNativeTarget section */

/* Begin PBXProject section */
		BCAF3CF327356D90000C1F71 /* Project object */ = {
			isa = PBXProject;
			attributes = {
				BuildIndependentTargetsInParallel = 1;
				LastSwiftUpdateCheck = 1310;
				LastUpgradeCheck = 1310;
				TargetAttributes = {
					BCAF3CFA27356D90000C1F71 = {
						CreatedOnToolsVersion = 13.1;
					};
				};
			};
			buildConfigurationList = BCAF3CF627356D90000C1F71 /* Build configuration list for PBXProject "PracticalJobia" */;
			compatibilityVersion = "Xcode 13.0";
			developmentRegion = en;
			hasScannedForEncodings = 0;
			knownRegions = (
				en,
				Base,
			);
			mainGroup = BCAF3CF227356D90000C1F71;
			productRefGroup = BCAF3CFC27356D90000C1F71 /* Products */;
			projectDirPath = "";
			projectRoot = "";
			targets = (
				BCAF3CFA27356D90000C1F71 /* PracticalJobia */,
			);
		};
/* End PBXProject section */

/* Begin PBXResourcesBuildPhase section */
		BCAF3CF927356D90000C1F71 /* Resources */ = {
			isa = PBXResourcesBuildPhase;
			buildActionMask = 2147483647;
			files = (
				BC3C293C2736E1C100EE9934 /* LoginViewController.xib in Resources */,
				BCAF3D0B27356D92000C1F71 /* LaunchScreen.storyboard in Resources */,
				BC2B7435273EAD1F007BDBFB /* OnboardingViewController.xib in Resources */,
				BCAF3D0827356D92000C1F71 /* Assets.xcassets in Resources */,
				BC3C292D2736D40D00EE9934 /* GoogleService-Info.plist in Resources */,
			);
			runOnlyForDeploymentPostprocessing = 0;
		};
/* End PBXResourcesBuildPhase section */

/* Begin PBXShellScriptBuildPhase section */
		4C1F7FD8845C10648F306E75 /* [CP] Check Pods Manifest.lock */ = {
			isa = PBXShellScriptBuildPhase;
			buildActionMask = 2147483647;
			files = (
			);
			inputFileListPaths = (
			);
			inputPaths = (
				"${PODS_PODFILE_DIR_PATH}/Podfile.lock",
				"${PODS_ROOT}/Manifest.lock",
			);
			name = "[CP] Check Pods Manifest.lock";
			outputFileListPaths = (
			);
			outputPaths = (
				"$(DERIVED_FILE_DIR)/Pods-PracticalJobia-checkManifestLockResult.txt",
			);
			runOnlyForDeploymentPostprocessing = 0;
			shellPath = /bin/sh;
			shellScript = "diff \"${PODS_PODFILE_DIR_PATH}/Podfile.lock\" \"${PODS_ROOT}/Manifest.lock\" > /dev/null\nif [ $? != 0 ] ; then\n    # print error to STDERR\n    echo \"error: The sandbox is not in sync with the Podfile.lock. Run 'pod install' or update your CocoaPods installation.\" >&2\n    exit 1\nfi\n# This output is used by Xcode 'outputs' to avoid re-running this script phase.\necho \"SUCCESS\" > \"${SCRIPT_OUTPUT_FILE_0}\"\n";
			showEnvVarsInLog = 0;
		};
		B7A579051244076BA07A47D6 /* [CP] Embed Pods Frameworks */ = {
			isa = PBXShellScriptBuildPhase;
			buildActionMask = 2147483647;
			files = (
			);
			inputFileListPaths = (
				"${PODS_ROOT}/Target Support Files/Pods-PracticalJobia/Pods-PracticalJobia-frameworks-${CONFIGURATION}-input-files.xcfilelist",
			);
			name = "[CP] Embed Pods Frameworks";
			outputFileListPaths = (
				"${PODS_ROOT}/Target Support Files/Pods-PracticalJobia/Pods-PracticalJobia-frameworks-${CONFIGURATION}-output-files.xcfilelist",
			);
			runOnlyForDeploymentPostprocessing = 0;
			shellPath = /bin/sh;
			shellScript = "\"${PODS_ROOT}/Target Support Files/Pods-PracticalJobia/Pods-PracticalJobia-frameworks.sh\"\n";
			showEnvVarsInLog = 0;
		};
		BC777F2E27357EEA00A91B95 /* SwiftLint */ = {
			isa = PBXShellScriptBuildPhase;
			buildActionMask = 2147483647;
			files = (
			);
			inputFileListPaths = (
			);
			inputPaths = (
			);
			name = SwiftLint;
			outputFileListPaths = (
			);
			outputPaths = (
			);
			runOnlyForDeploymentPostprocessing = 0;
			shellPath = /bin/sh;
			shellScript = "  \"${PODS_ROOT}/SwiftLint/swiftlint\"\n";
		};
/* End PBXShellScriptBuildPhase section */

/* Begin PBXSourcesBuildPhase section */
		BCAF3CF727356D90000C1F71 /* Sources */ = {
			isa = PBXSourcesBuildPhase;
			buildActionMask = 2147483647;
			files = (
				BC3C29272736CFDC00EE9934 /* String+Extenions.swift in Sources */,
				BC3C29352736D83B00EE9934 /* APIAuthenticationGateway.swift in Sources */,
				BC3C293E2736E1CB00EE9934 /* LoginPresenter.swift in Sources */,
				BC3C291B2736C60300EE9934 /* User.swift in Sources */,
				BC3C29322736D66500EE9934 /* FirebaseClientError.swift in Sources */,
				BC2B743D273EB141007BDBFB /* NavigationRoute.swift in Sources */,
				BC2B7448273EC96B007BDBFB /* UseCases+Injection.swift in Sources */,
				BC3C29212736C80400EE9934 /* LoginParameters.swift in Sources */,
				BC2B7444273EC86A007BDBFB /* Application+Injection.swift in Sources */,
				BC3C29242736CCC000EE9934 /* AuthenticationGateway.swift in Sources */,
				BC3C29292736D1D000EE9934 /* UserLoginError.swift in Sources */,
				BC3C291F2736C73700EE9934 /* UserLogin.swift in Sources */,
				BC3C29302736D4DD00EE9934 /* FirebaseClient.swift in Sources */,
				BC2B743F273EB4A8007BDBFB /* OnboardingRoutes.swift in Sources */,
				BC2B7434273EAD1F007BDBFB /* OnboardingViewController.swift in Sources */,
				BC2B7441273EB6A1007BDBFB /* ViewProtocol.swift in Sources */,
				BC2B7437273EAD2C007BDBFB /* OnboardingPresenter.swift in Sources */,
				BCAF3CFF27356D90000C1F71 /* AppDelegate.swift in Sources */,
				BC2B744A273ECD15007BDBFB /* Login+Injection.swift in Sources */,
				BC78AB9827400CFD009301F1 /* Onboarding+Injection.swift in Sources */,
				BC2B7446273EC924007BDBFB /* EntityGateways+Injection.swift in Sources */,
				BC3C293B2736E1C100EE9934 /* LoginViewController.swift in Sources */,
			);
			runOnlyForDeploymentPostprocessing = 0;
		};
/* End PBXSourcesBuildPhase section */

/* Begin PBXVariantGroup section */
		BCAF3D0927356D92000C1F71 /* LaunchScreen.storyboard */ = {
			isa = PBXVariantGroup;
			children = (
				BCAF3D0A27356D92000C1F71 /* Base */,
			);
			name = LaunchScreen.storyboard;
			sourceTree = "<group>";
		};
/* End PBXVariantGroup section */

/* Begin XCBuildConfiguration section */
		BCAF3D0D27356D92000C1F71 /* Debug */ = {
			isa = XCBuildConfiguration;
			buildSettings = {
				ALWAYS_SEARCH_USER_PATHS = NO;
				CLANG_ANALYZER_NONNULL = YES;
				CLANG_ANALYZER_NUMBER_OBJECT_CONVERSION = YES_AGGRESSIVE;
				CLANG_CXX_LANGUAGE_STANDARD = "gnu++17";
				CLANG_CXX_LIBRARY = "libc++";
				CLANG_ENABLE_MODULES = YES;
				CLANG_ENABLE_OBJC_ARC = YES;
				CLANG_ENABLE_OBJC_WEAK = YES;
				CLANG_WARN_BLOCK_CAPTURE_AUTORELEASING = YES;
				CLANG_WARN_BOOL_CONVERSION = YES;
				CLANG_WARN_COMMA = YES;
				CLANG_WARN_CONSTANT_CONVERSION = YES;
				CLANG_WARN_DEPRECATED_OBJC_IMPLEMENTATIONS = YES;
				CLANG_WARN_DIRECT_OBJC_ISA_USAGE = YES_ERROR;
				CLANG_WARN_DOCUMENTATION_COMMENTS = YES;
				CLANG_WARN_EMPTY_BODY = YES;
				CLANG_WARN_ENUM_CONVERSION = YES;
				CLANG_WARN_INFINITE_RECURSION = YES;
				CLANG_WARN_INT_CONVERSION = YES;
				CLANG_WARN_NON_LITERAL_NULL_CONVERSION = YES;
				CLANG_WARN_OBJC_IMPLICIT_RETAIN_SELF = YES;
				CLANG_WARN_OBJC_LITERAL_CONVERSION = YES;
				CLANG_WARN_OBJC_ROOT_CLASS = YES_ERROR;
				CLANG_WARN_QUOTED_INCLUDE_IN_FRAMEWORK_HEADER = YES;
				CLANG_WARN_RANGE_LOOP_ANALYSIS = YES;
				CLANG_WARN_STRICT_PROTOTYPES = YES;
				CLANG_WARN_SUSPICIOUS_MOVE = YES;
				CLANG_WARN_UNGUARDED_AVAILABILITY = YES_AGGRESSIVE;
				CLANG_WARN_UNREACHABLE_CODE = YES;
				CLANG_WARN__DUPLICATE_METHOD_MATCH = YES;
				COPY_PHASE_STRIP = NO;
				DEBUG_INFORMATION_FORMAT = dwarf;
				ENABLE_STRICT_OBJC_MSGSEND = YES;
				ENABLE_TESTABILITY = YES;
				GCC_C_LANGUAGE_STANDARD = gnu11;
				GCC_DYNAMIC_NO_PIC = NO;
				GCC_NO_COMMON_BLOCKS = YES;
				GCC_OPTIMIZATION_LEVEL = 0;
				GCC_PREPROCESSOR_DEFINITIONS = (
					"DEBUG=1",
					"$(inherited)",
				);
				GCC_WARN_64_TO_32_BIT_CONVERSION = YES;
				GCC_WARN_ABOUT_RETURN_TYPE = YES_ERROR;
				GCC_WARN_UNDECLARED_SELECTOR = YES;
				GCC_WARN_UNINITIALIZED_AUTOS = YES_AGGRESSIVE;
				GCC_WARN_UNUSED_FUNCTION = YES;
				GCC_WARN_UNUSED_VARIABLE = YES;
				IPHONEOS_DEPLOYMENT_TARGET = 15.0;
				MTL_ENABLE_DEBUG_INFO = INCLUDE_SOURCE;
				MTL_FAST_MATH = YES;
				ONLY_ACTIVE_ARCH = YES;
				SDKROOT = iphoneos;
				SWIFT_ACTIVE_COMPILATION_CONDITIONS = DEBUG;
				SWIFT_OPTIMIZATION_LEVEL = "-Onone";
			};
			name = Debug;
		};
		BCAF3D0E27356D92000C1F71 /* Release */ = {
			isa = XCBuildConfiguration;
			buildSettings = {
				ALWAYS_SEARCH_USER_PATHS = NO;
				CLANG_ANALYZER_NONNULL = YES;
				CLANG_ANALYZER_NUMBER_OBJECT_CONVERSION = YES_AGGRESSIVE;
				CLANG_CXX_LANGUAGE_STANDARD = "gnu++17";
				CLANG_CXX_LIBRARY = "libc++";
				CLANG_ENABLE_MODULES = YES;
				CLANG_ENABLE_OBJC_ARC = YES;
				CLANG_ENABLE_OBJC_WEAK = YES;
				CLANG_WARN_BLOCK_CAPTURE_AUTORELEASING = YES;
				CLANG_WARN_BOOL_CONVERSION = YES;
				CLANG_WARN_COMMA = YES;
				CLANG_WARN_CONSTANT_CONVERSION = YES;
				CLANG_WARN_DEPRECATED_OBJC_IMPLEMENTATIONS = YES;
				CLANG_WARN_DIRECT_OBJC_ISA_USAGE = YES_ERROR;
				CLANG_WARN_DOCUMENTATION_COMMENTS = YES;
				CLANG_WARN_EMPTY_BODY = YES;
				CLANG_WARN_ENUM_CONVERSION = YES;
				CLANG_WARN_INFINITE_RECURSION = YES;
				CLANG_WARN_INT_CONVERSION = YES;
				CLANG_WARN_NON_LITERAL_NULL_CONVERSION = YES;
				CLANG_WARN_OBJC_IMPLICIT_RETAIN_SELF = YES;
				CLANG_WARN_OBJC_LITERAL_CONVERSION = YES;
				CLANG_WARN_OBJC_ROOT_CLASS = YES_ERROR;
				CLANG_WARN_QUOTED_INCLUDE_IN_FRAMEWORK_HEADER = YES;
				CLANG_WARN_RANGE_LOOP_ANALYSIS = YES;
				CLANG_WARN_STRICT_PROTOTYPES = YES;
				CLANG_WARN_SUSPICIOUS_MOVE = YES;
				CLANG_WARN_UNGUARDED_AVAILABILITY = YES_AGGRESSIVE;
				CLANG_WARN_UNREACHABLE_CODE = YES;
				CLANG_WARN__DUPLICATE_METHOD_MATCH = YES;
				COPY_PHASE_STRIP = NO;
				DEBUG_INFORMATION_FORMAT = "dwarf-with-dsym";
				ENABLE_NS_ASSERTIONS = NO;
				ENABLE_STRICT_OBJC_MSGSEND = YES;
				GCC_C_LANGUAGE_STANDARD = gnu11;
				GCC_NO_COMMON_BLOCKS = YES;
				GCC_WARN_64_TO_32_BIT_CONVERSION = YES;
				GCC_WARN_ABOUT_RETURN_TYPE = YES_ERROR;
				GCC_WARN_UNDECLARED_SELECTOR = YES;
				GCC_WARN_UNINITIALIZED_AUTOS = YES_AGGRESSIVE;
				GCC_WARN_UNUSED_FUNCTION = YES;
				GCC_WARN_UNUSED_VARIABLE = YES;
				IPHONEOS_DEPLOYMENT_TARGET = 15.0;
				MTL_ENABLE_DEBUG_INFO = NO;
				MTL_FAST_MATH = YES;
				SDKROOT = iphoneos;
				SWIFT_COMPILATION_MODE = wholemodule;
				SWIFT_OPTIMIZATION_LEVEL = "-O";
				VALIDATE_PRODUCT = YES;
			};
			name = Release;
		};
		BCAF3D1027356D92000C1F71 /* Debug */ = {
			isa = XCBuildConfiguration;
			baseConfigurationReference = 05808325F39C49FDBFBD6940 /* Pods-PracticalJobia.debug.xcconfig */;
			buildSettings = {
				ASSETCATALOG_COMPILER_APPICON_NAME = AppIcon;
				ASSETCATALOG_COMPILER_GLOBAL_ACCENT_COLOR_NAME = AccentColor;
				CODE_SIGN_STYLE = Automatic;
				CURRENT_PROJECT_VERSION = 1;
				DEVELOPMENT_TEAM = Q3WPQ54BCT;
				GENERATE_INFOPLIST_FILE = YES;
				INFOPLIST_FILE = PracticalJobia/Info.plist;
				INFOPLIST_KEY_UIApplicationSupportsIndirectInputEvents = YES;
				INFOPLIST_KEY_UILaunchStoryboardName = LaunchScreen;
				INFOPLIST_KEY_UISupportedInterfaceOrientations_iPad = "UIInterfaceOrientationPortrait UIInterfaceOrientationPortraitUpsideDown UIInterfaceOrientationLandscapeLeft UIInterfaceOrientationLandscapeRight";
				INFOPLIST_KEY_UISupportedInterfaceOrientations_iPhone = "UIInterfaceOrientationPortrait UIInterfaceOrientationLandscapeLeft UIInterfaceOrientationLandscapeRight";
				IPHONEOS_DEPLOYMENT_TARGET = 15.0;
				LD_RUNPATH_SEARCH_PATHS = (
					"$(inherited)",
					"@executable_path/Frameworks",
				);
				MARKETING_VERSION = 1.0;
				PRODUCT_BUNDLE_IDENTIFIER = com.karimebrahem.PracticalJobia;
				PRODUCT_NAME = "$(TARGET_NAME)";
				SWIFT_EMIT_LOC_STRINGS = YES;
				SWIFT_VERSION = 5.0;
				TARGETED_DEVICE_FAMILY = "1,2";
			};
			name = Debug;
		};
		BCAF3D1127356D92000C1F71 /* Release */ = {
			isa = XCBuildConfiguration;
			baseConfigurationReference = F6226BAF618DCDFF5A08CCFA /* Pods-PracticalJobia.release.xcconfig */;
			buildSettings = {
				ASSETCATALOG_COMPILER_APPICON_NAME = AppIcon;
				ASSETCATALOG_COMPILER_GLOBAL_ACCENT_COLOR_NAME = AccentColor;
				CODE_SIGN_STYLE = Automatic;
				CURRENT_PROJECT_VERSION = 1;
				DEVELOPMENT_TEAM = Q3WPQ54BCT;
				GENERATE_INFOPLIST_FILE = YES;
				INFOPLIST_FILE = PracticalJobia/Info.plist;
				INFOPLIST_KEY_UIApplicationSupportsIndirectInputEvents = YES;
				INFOPLIST_KEY_UILaunchStoryboardName = LaunchScreen;
				INFOPLIST_KEY_UISupportedInterfaceOrientations_iPad = "UIInterfaceOrientationPortrait UIInterfaceOrientationPortraitUpsideDown UIInterfaceOrientationLandscapeLeft UIInterfaceOrientationLandscapeRight";
				INFOPLIST_KEY_UISupportedInterfaceOrientations_iPhone = "UIInterfaceOrientationPortrait UIInterfaceOrientationLandscapeLeft UIInterfaceOrientationLandscapeRight";
				IPHONEOS_DEPLOYMENT_TARGET = 15.0;
				LD_RUNPATH_SEARCH_PATHS = (
					"$(inherited)",
					"@executable_path/Frameworks",
				);
				MARKETING_VERSION = 1.0;
				PRODUCT_BUNDLE_IDENTIFIER = com.karimebrahem.PracticalJobia;
				PRODUCT_NAME = "$(TARGET_NAME)";
				SWIFT_EMIT_LOC_STRINGS = YES;
				SWIFT_VERSION = 5.0;
				TARGETED_DEVICE_FAMILY = "1,2";
			};
			name = Release;
		};
/* End XCBuildConfiguration section */

/* Begin XCConfigurationList section */
		BCAF3CF627356D90000C1F71 /* Build configuration list for PBXProject "PracticalJobia" */ = {
			isa = XCConfigurationList;
			buildConfigurations = (
				BCAF3D0D27356D92000C1F71 /* Debug */,
				BCAF3D0E27356D92000C1F71 /* Release */,
			);
			defaultConfigurationIsVisible = 0;
			defaultConfigurationName = Release;
		};
		BCAF3D0F27356D92000C1F71 /* Build configuration list for PBXNativeTarget "PracticalJobia" */ = {
			isa = XCConfigurationList;
			buildConfigurations = (
				BCAF3D1027356D92000C1F71 /* Debug */,
				BCAF3D1127356D92000C1F71 /* Release */,
			);
			defaultConfigurationIsVisible = 0;
			defaultConfigurationName = Release;
		};
/* End XCConfigurationList section */
	};
	rootObject = BCAF3CF327356D90000C1F71 /* Project object */;
}
